PODS:
  - Reveal-iOS-SDK (1.6.2)
  - STWUITestingKit (0.0.2)

DEPENDENCIES:
  - Reveal-iOS-SDK (~> 1.6)
  - STWUITestingKit (from `../`)

EXTERNAL SOURCES:
  STWUITestingKit:
    :path: "../"

SPEC CHECKSUMS:
  Reveal-iOS-SDK: e2250b3c155bcfac53ae223ddc1f76d08f206c33
  STWUITestingKit: 05fc8de0ea69edb30f848cbff120bef3309c1d22

PODFILE CHECKSUM: 8f3af98356614b6d4262031bf5ea1fe7aca27dbd

COCOAPODS: 1.2.1
